// !$*UTF8*$!
{
	archiveVersion = 1;
	classes = {
	};
	objectVersion = 46;
	objects = {

/* Begin PBXBuildFile section */
		08CF99AE17DD41F000CBB8AC /* UIKit.framework in Frameworks */ = {isa = PBXBuildFile; fileRef = 08CF99AD17DD41F000CBB8AC /* UIKit.framework */; };
		08CF99B017DD41F000CBB8AC /* Foundation.framework in Frameworks */ = {isa = PBXBuildFile; fileRef = 08CF99AF17DD41F000CBB8AC /* Foundation.framework */; };
		08CF99B217DD41F000CBB8AC /* CoreGraphics.framework in Frameworks */ = {isa = PBXBuildFile; fileRef = 08CF99B117DD41F000CBB8AC /* CoreGraphics.framework */; };
		08CF99B817DD41F000CBB8AC /* InfoPlist.strings in Resources */ = {isa = PBXBuildFile; fileRef = 08CF99B617DD41F000CBB8AC /* InfoPlist.strings */; };
		08CF99BA17DD41F000CBB8AC /* main.m in Sources */ = {isa = PBXBuildFile; fileRef = 08CF99B917DD41F000CBB8AC /* main.m */; };
		08CF99BE17DD41F000CBB8AC /* SPAppDelegate.m in Sources */ = {isa = PBXBuildFile; fileRef = 08CF99BD17DD41F000CBB8AC /* SPAppDelegate.m */; };
		08CF99C017DD41F000CBB8AC /* Default.png in Resources */ = {isa = PBXBuildFile; fileRef = 08CF99BF17DD41F000CBB8AC /* Default.png */; };
		08CF99C217DD41F000CBB8AC /* Default@2x.png in Resources */ = {isa = PBXBuildFile; fileRef = 08CF99C117DD41F000CBB8AC /* Default@2x.png */; };
		08CF99C417DD41F000CBB8AC /* Default-568h@2x.png in Resources */ = {isa = PBXBuildFile; fileRef = 08CF99C317DD41F000CBB8AC /* Default-568h@2x.png */; };
		08CF99C717DD41F000CBB8AC /* SPViewController.m in Sources */ = {isa = PBXBuildFile; fileRef = 08CF99C617DD41F000CBB8AC /* SPViewController.m */; };
		08CF99DB17DD4F8200CBB8AC /* SPSphericalCollectionViewCell.m in Sources */ = {isa = PBXBuildFile; fileRef = 08CF99DA17DD4F8200CBB8AC /* SPSphericalCollectionViewCell.m */; };
		08CF99DE17DD503100CBB8AC /* SPSphericalCollectionView.m in Sources */ = {isa = PBXBuildFile; fileRef = 08CF99DD17DD503100CBB8AC /* SPSphericalCollectionView.m */; };
		08CF99E117DD538B00CBB8AC /* SPCollectionViewSphericalLayout.m in Sources */ = {isa = PBXBuildFile; fileRef = 08CF99E017DD538B00CBB8AC /* SPCollectionViewSphericalLayout.m */; };
		26AD99A617E0BF6F00741C00 /* SPCoordinateManager.m in Sources */ = {isa = PBXBuildFile; fileRef = 26AD99A517E0BF6F00741C00 /* SPCoordinateManager.m */; };
		26D9554117DE8730003BB396 /* coordinate.plist in Resources */ = {isa = PBXBuildFile; fileRef = 26D9554017DE8730003BB396 /* coordinate.plist */; };
		26D9554617DEB6FC003BB396 /* QuartzCore.framework in Frameworks */ = {isa = PBXBuildFile; fileRef = 26D9554517DEB6FC003BB396 /* QuartzCore.framework */; };
/* End PBXBuildFile section */

/* Begin PBXFileReference section */
		08CF99AA17DD41F000CBB8AC /* SphericalCollectionView.app */ = {isa = PBXFileReference; explicitFileType = wrapper.application; includeInIndex = 0; path = SphericalCollectionView.app; sourceTree = BUILT_PRODUCTS_DIR; };
		08CF99AD17DD41F000CBB8AC /* UIKit.framework */ = {isa = PBXFileReference; lastKnownFileType = wrapper.framework; name = UIKit.framework; path = System/Library/Frameworks/UIKit.framework; sourceTree = SDKROOT; };
		08CF99AF17DD41F000CBB8AC /* Foundation.framework */ = {isa = PBXFileReference; lastKnownFileType = wrapper.framework; name = Foundation.framework; path = System/Library/Frameworks/Foundation.framework; sourceTree = SDKROOT; };
		08CF99B117DD41F000CBB8AC /* CoreGraphics.framework */ = {isa = PBXFileReference; lastKnownFileType = wrapper.framework; name = CoreGraphics.framework; path = System/Library/Frameworks/CoreGraphics.framework; sourceTree = SDKROOT; };
		08CF99B517DD41F000CBB8AC /* SphericalCollectionView-Info.plist */ = {isa = PBXFileReference; lastKnownFileType = text.plist.xml; path = "SphericalCollectionView-Info.plist"; sourceTree = "<group>"; };
		08CF99B717DD41F000CBB8AC /* en */ = {isa = PBXFileReference; lastKnownFileType = text.plist.strings; name = en; path = en.lproj/InfoPlist.strings; sourceTree = "<group>"; };
		08CF99B917DD41F000CBB8AC /* main.m */ = {isa = PBXFileReference; lastKnownFileType = sourcecode.c.objc; path = main.m; sourceTree = "<group>"; };
		08CF99BB17DD41F000CBB8AC /* SphericalCollectionView-Prefix.pch */ = {isa = PBXFileReference; lastKnownFileType = sourcecode.c.h; path = "SphericalCollectionView-Prefix.pch"; sourceTree = "<group>"; };
		08CF99BC17DD41F000CBB8AC /* SPAppDelegate.h */ = {isa = PBXFileReference; lastKnownFileType = sourcecode.c.h; path = SPAppDelegate.h; sourceTree = "<group>"; };
		08CF99BD17DD41F000CBB8AC /* SPAppDelegate.m */ = {isa = PBXFileReference; lastKnownFileType = sourcecode.c.objc; path = SPAppDelegate.m; sourceTree = "<group>"; };
		08CF99BF17DD41F000CBB8AC /* Default.png */ = {isa = PBXFileReference; lastKnownFileType = image.png; path = Default.png; sourceTree = "<group>"; };
		08CF99C117DD41F000CBB8AC /* Default@2x.png */ = {isa = PBXFileReference; lastKnownFileType = image.png; path = "Default@2x.png"; sourceTree = "<group>"; };
		08CF99C317DD41F000CBB8AC /* Default-568h@2x.png */ = {isa = PBXFileReference; lastKnownFileType = image.png; path = "Default-568h@2x.png"; sourceTree = "<group>"; };
		08CF99C517DD41F000CBB8AC /* SPViewController.h */ = {isa = PBXFileReference; lastKnownFileType = sourcecode.c.h; path = SPViewController.h; sourceTree = "<group>"; };
		08CF99C617DD41F000CBB8AC /* SPViewController.m */ = {isa = PBXFileReference; lastKnownFileType = sourcecode.c.objc; path = SPViewController.m; sourceTree = "<group>"; };
		08CF99D917DD4F8200CBB8AC /* SPSphericalCollectionViewCell.h */ = {isa = PBXFileReference; fileEncoding = 4; lastKnownFileType = sourcecode.c.h; name = SPSphericalCollectionViewCell.h; path = SphericalCollectionView/SPSphericalCollectionViewCell.h; sourceTree = "<group>"; };
		08CF99DA17DD4F8200CBB8AC /* SPSphericalCollectionViewCell.m */ = {isa = PBXFileReference; fileEncoding = 4; lastKnownFileType = sourcecode.c.objc; name = SPSphericalCollectionViewCell.m; path = SphericalCollectionView/SPSphericalCollectionViewCell.m; sourceTree = "<group>"; };
		08CF99DC17DD503100CBB8AC /* SPSphericalCollectionView.h */ = {isa = PBXFileReference; fileEncoding = 4; lastKnownFileType = sourcecode.c.h; name = SPSphericalCollectionView.h; path = SphericalCollectionView/SPSphericalCollectionView.h; sourceTree = "<group>"; };
		08CF99DD17DD503100CBB8AC /* SPSphericalCollectionView.m */ = {isa = PBXFileReference; fileEncoding = 4; lastKnownFileType = sourcecode.c.objc; name = SPSphericalCollectionView.m; path = SphericalCollectionView/SPSphericalCollectionView.m; sourceTree = "<group>"; };
		08CF99DF17DD538B00CBB8AC /* SPCollectionViewSphericalLayout.h */ = {isa = PBXFileReference; fileEncoding = 4; lastKnownFileType = sourcecode.c.h; name = SPCollectionViewSphericalLayout.h; path = SphericalCollectionView/SPCollectionViewSphericalLayout.h; sourceTree = "<group>"; };
		08CF99E017DD538B00CBB8AC /* SPCollectionViewSphericalLayout.m */ = {isa = PBXFileReference; fileEncoding = 4; lastKnownFileType = sourcecode.c.objc; name = SPCollectionViewSphericalLayout.m; path = SphericalCollectionView/SPCollectionViewSphericalLayout.m; sourceTree = "<group>"; };
		26AD99A417E0BF6F00741C00 /* SPCoordinateManager.h */ = {isa = PBXFileReference; fileEncoding = 4; lastKnownFileType = sourcecode.c.h; name = SPCoordinateManager.h; path = SphericalCollectionView/SPCoordinateManager.h; sourceTree = "<group>"; };
		26AD99A517E0BF6F00741C00 /* SPCoordinateManager.m */ = {isa = PBXFileReference; fileEncoding = 4; lastKnownFileType = sourcecode.c.objc; name = SPCoordinateManager.m; path = SphericalCollectionView/SPCoordinateManager.m; sourceTree = "<group>"; };
		26D9554017DE8730003BB396 /* coordinate.plist */ = {isa = PBXFileReference; fileEncoding = 4; lastKnownFileType = text.plist.xml; path = coordinate.plist; sourceTree = "<group>"; };
		26D9554517DEB6FC003BB396 /* QuartzCore.framework */ = {isa = PBXFileReference; lastKnownFileType = wrapper.framework; name = QuartzCore.framework; path = System/Library/Frameworks/QuartzCore.framework; sourceTree = SDKROOT; };
/* End PBXFileReference section */

/* Begin PBXFrameworksBuildPhase section */
		08CF99A717DD41F000CBB8AC /* Frameworks */ = {
			isa = PBXFrameworksBuildPhase;
			buildActionMask = 2147483647;
			files = (
				26D9554617DEB6FC003BB396 /* QuartzCore.framework in Frameworks */,
				08CF99AE17DD41F000CBB8AC /* UIKit.framework in Frameworks */,
				08CF99B017DD41F000CBB8AC /* Foundation.framework in Frameworks */,
				08CF99B217DD41F000CBB8AC /* CoreGraphics.framework in Frameworks */,
			);
			runOnlyForDeploymentPostprocessing = 0;
		};
/* End PBXFrameworksBuildPhase section */

/* Begin PBXGroup section */
		08CF99A117DD41F000CBB8AC = {
			isa = PBXGroup;
			children = (
				08CF99E317DD53AE00CBB8AC /* SPKit */,
				08CF99B317DD41F000CBB8AC /* SphericalCollectionView */,
				08CF99AC17DD41F000CBB8AC /* Frameworks */,
				08CF99AB17DD41F000CBB8AC /* Products */,
			);
			sourceTree = "<group>";
		};
		08CF99AB17DD41F000CBB8AC /* Products */ = {
			isa = PBXGroup;
			children = (
				08CF99AA17DD41F000CBB8AC /* SphericalCollectionView.app */,
			);
			name = Products;
			sourceTree = "<group>";
		};
		08CF99AC17DD41F000CBB8AC /* Frameworks */ = {
			isa = PBXGroup;
			children = (
				26D9554517DEB6FC003BB396 /* QuartzCore.framework */,
				08CF99AD17DD41F000CBB8AC /* UIKit.framework */,
				08CF99AF17DD41F000CBB8AC /* Foundation.framework */,
				08CF99B117DD41F000CBB8AC /* CoreGraphics.framework */,
			);
			name = Frameworks;
			sourceTree = "<group>";
		};
		08CF99B317DD41F000CBB8AC /* SphericalCollectionView */ = {
			isa = PBXGroup;
			children = (
				08CF99BC17DD41F000CBB8AC /* SPAppDelegate.h */,
				08CF99BD17DD41F000CBB8AC /* SPAppDelegate.m */,
				08CF99C517DD41F000CBB8AC /* SPViewController.h */,
				08CF99C617DD41F000CBB8AC /* SPViewController.m */,
				08CF99B417DD41F000CBB8AC /* Supporting Files */,
			);
			path = SphericalCollectionView;
			sourceTree = "<group>";
		};
		08CF99B417DD41F000CBB8AC /* Supporting Files */ = {
			isa = PBXGroup;
			children = (
				08CF99B517DD41F000CBB8AC /* SphericalCollectionView-Info.plist */,
				08CF99B617DD41F000CBB8AC /* InfoPlist.strings */,
				08CF99B917DD41F000CBB8AC /* main.m */,
				08CF99BB17DD41F000CBB8AC /* SphericalCollectionView-Prefix.pch */,
				08CF99BF17DD41F000CBB8AC /* Default.png */,
				08CF99C117DD41F000CBB8AC /* Default@2x.png */,
				08CF99C317DD41F000CBB8AC /* Default-568h@2x.png */,
			);
			name = "Supporting Files";
			sourceTree = "<group>";
		};
		08CF99E317DD53AE00CBB8AC /* SPKit */ = {
			isa = PBXGroup;
			children = (
				26AD99A417E0BF6F00741C00 /* SPCoordinateManager.h */,
				26AD99A517E0BF6F00741C00 /* SPCoordinateManager.m */,
				08CF99DC17DD503100CBB8AC /* SPSphericalCollectionView.h */,
				08CF99DD17DD503100CBB8AC /* SPSphericalCollectionView.m */,
				08CF99D917DD4F8200CBB8AC /* SPSphericalCollectionViewCell.h */,
				08CF99DA17DD4F8200CBB8AC /* SPSphericalCollectionViewCell.m */,
				08CF99DF17DD538B00CBB8AC /* SPCollectionViewSphericalLayout.h */,
				08CF99E017DD538B00CBB8AC /* SPCollectionViewSphericalLayout.m */,
				26D9554017DE8730003BB396 /* coordinate.plist */,
			);
			name = SPKit;
			sourceTree = "<group>";
		};
/* End PBXGroup section */

/* Begin PBXNativeTarget section */
		08CF99A917DD41F000CBB8AC /* SphericalCollectionView */ = {
			isa = PBXNativeTarget;
			buildConfigurationList = 08CF99CD17DD41F000CBB8AC /* Build configuration list for PBXNativeTarget "SphericalCollectionView" */;
			buildPhases = (
				08CF99A617DD41F000CBB8AC /* Sources */,
				08CF99A717DD41F000CBB8AC /* Frameworks */,
				08CF99A817DD41F000CBB8AC /* Resources */,
			);
			buildRules = (
			);
			dependencies = (
			);
			name = SphericalCollectionView;
			productName = SphericalCollectionView;
			productReference = 08CF99AA17DD41F000CBB8AC /* SphericalCollectionView.app */;
			productType = "com.apple.product-type.application";
		};
/* End PBXNativeTarget section */

/* Begin PBXProject section */
		08CF99A217DD41F000CBB8AC /* Project object */ = {
			isa = PBXProject;
			attributes = {
				CLASSPREFIX = SP;
				LastUpgradeCheck = 0460;
				ORGANIZATIONNAME = "Shunji Li";
			};
			buildConfigurationList = 08CF99A517DD41F000CBB8AC /* Build configuration list for PBXProject "SphericalCollectionView" */;
			compatibilityVersion = "Xcode 3.2";
			developmentRegion = English;
			hasScannedForEncodings = 0;
			knownRegions = (
				en,
			);
			mainGroup = 08CF99A117DD41F000CBB8AC;
			productRefGroup = 08CF99AB17DD41F000CBB8AC /* Products */;
			projectDirPath = "";
			projectRoot = "";
			targets = (
				08CF99A917DD41F000CBB8AC /* SphericalCollectionView */,
			);
		};
/* End PBXProject section */

/* Begin PBXResourcesBuildPhase section */
		08CF99A817DD41F000CBB8AC /* Resources */ = {
			isa = PBXResourcesBuildPhase;
			buildActionMask = 2147483647;
			files = (
				26D9554117DE8730003BB396 /* coordinate.plist in Resources */,
				08CF99B817DD41F000CBB8AC /* InfoPlist.strings in Resources */,
				08CF99C017DD41F000CBB8AC /* Default.png in Resources */,
				08CF99C217DD41F000CBB8AC /* Default@2x.png in Resources */,
				08CF99C417DD41F000CBB8AC /* Default-568h@2x.png in Resources */,
			);
			runOnlyForDeploymentPostprocessing = 0;
		};
/* End PBXResourcesBuildPhase section */

/* Begin PBXSourcesBuildPhase section */
		08CF99A617DD41F000CBB8AC /* Sources */ = {
			isa = PBXSourcesBuildPhase;
			buildActionMask = 2147483647;
			files = (
				08CF99BA17DD41F000CBB8AC /* main.m in Sources */,
				08CF99BE17DD41F000CBB8AC /* SPAppDelegate.m in Sources */,
				08CF99C717DD41F000CBB8AC /* SPViewController.m in Sources */,
				08CF99DB17DD4F8200CBB8AC /* SPSphericalCollectionViewCell.m in Sources */,
				08CF99DE17DD503100CBB8AC /* SPSphericalCollectionView.m in Sources */,
				26AD99A617E0BF6F00741C00 /* SPCoordinateManager.m in Sources */,
				08CF99E117DD538B00CBB8AC /* SPCollectionViewSphericalLayout.m in Sources */,
			);
			runOnlyForDeploymentPostprocessing = 0;
		};
/* End PBXSourcesBuildPhase section */

/* Begin PBXVariantGroup section */
		08CF99B617DD41F000CBB8AC /* InfoPlist.strings */ = {
			isa = PBXVariantGroup;
			children = (
				08CF99B717DD41F000CBB8AC /* en */,
			);
			name = InfoPlist.strings;
			sourceTree = "<group>";
		};
/* End PBXVariantGroup section */

/* Begin XCBuildConfiguration section */
		08CF99CB17DD41F000CBB8AC /* Debug */ = {
			isa = XCBuildConfiguration;
			buildSettings = {
				ALWAYS_SEARCH_USER_PATHS = NO;
				CLANG_CXX_LANGUAGE_STANDARD = "gnu++0x";
				CLANG_CXX_LIBRARY = "libc++";
				CLANG_ENABLE_OBJC_ARC = YES;
				CLANG_WARN_CONSTANT_CONVERSION = YES;
				CLANG_WARN_EMPTY_BODY = YES;
				CLANG_WARN_ENUM_CONVERSION = YES;
				CLANG_WARN_INT_CONVERSION = YES;
				CLANG_WARN__DUPLICATE_METHOD_MATCH = YES;
				"CODE_SIGN_IDENTITY[sdk=iphoneos*]" = "iPhone Developer";
				COPY_PHASE_STRIP = NO;
				GCC_C_LANGUAGE_STANDARD = gnu99;
				GCC_DYNAMIC_NO_PIC = NO;
				GCC_OPTIMIZATION_LEVEL = 0;
				GCC_PREPROCESSOR_DEFINITIONS = (
					"DEBUG=1",
					"$(inherited)",
				);
				GCC_SYMBOLS_PRIVATE_EXTERN = NO;
				GCC_WARN_ABOUT_RETURN_TYPE = YES;
				GCC_WARN_UNINITIALIZED_AUTOS = YES;
				GCC_WARN_UNUSED_VARIABLE = YES;
				IPHONEOS_DEPLOYMENT_TARGET = 6.1;
				ONLY_ACTIVE_ARCH = YES;
				SDKROOT = iphoneos;
			};
			name = Debug;
		};
		08CF99CC17DD41F000CBB8AC /* Release */ = {
			isa = XCBuildConfiguration;
			buildSettings = {
				ALWAYS_SEARCH_USER_PATHS = NO;
				CLANG_CXX_LANGUAGE_STANDARD = "gnu++0x";
				CLANG_CXX_LIBRARY = "libc++";
				CLANG_ENABLE_OBJC_ARC = YES;
				CLANG_WARN_CONSTANT_CONVERSION = YES;
				CLANG_WARN_EMPTY_BODY = YES;
				CLANG_WARN_ENUM_CONVERSION = YES;
				CLANG_WARN_INT_CONVERSION = YES;
				CLANG_WARN__DUPLICATE_METHOD_MATCH = YES;
				"CODE_SIGN_IDENTITY[sdk=iphoneos*]" = "iPhone Developer";
				COPY_PHASE_STRIP = YES;
				GCC_C_LANGUAGE_STANDARD = gnu99;
				GCC_WARN_ABOUT_RETURN_TYPE = YES;
				GCC_WARN_UNINITIALIZED_AUTOS = YES;
				GCC_WARN_UNUSED_VARIABLE = YES;
				IPHONEOS_DEPLOYMENT_TARGET = 6.1;
				OTHER_CFLAGS = "-DNS_BLOCK_ASSERTIONS=1";
				SDKROOT = iphoneos;
				VALIDATE_PRODUCT = YES;
			};
			name = Release;
		};
		08CF99CE17DD41F000CBB8AC /* Debug */ = {
			isa = XCBuildConfiguration;
			buildSettings = {
				GCC_PRECOMPILE_PREFIX_HEADER = YES;
				GCC_PREFIX_HEADER = "SphericalCollectionView/SphericalCollectionView-Prefix.pch";
				INFOPLIST_FILE = "SphericalCollectionView/SphericalCollectionView-Info.plist";
				IPHONEOS_DEPLOYMENT_TARGET = 6.1;
				PRODUCT_NAME = "$(TARGET_NAME)";
				TARGETED_DEVICE_FAMILY = "1,2";
				WRAPPER_EXTENSION = app;
			};
			name = Debug;
		};
		08CF99CF17DD41F000CBB8AC /* Release */ = {
			isa = XCBuildConfiguration;
			buildSettings = {
				GCC_PRECOMPILE_PREFIX_HEADER = YES;
				GCC_PREFIX_HEADER = "SphericalCollectionView/SphericalCollectionView-Prefix.pch";
				INFOPLIST_FILE = "SphericalCollectionView/SphericalCollectionView-Info.plist";
				IPHONEOS_DEPLOYMENT_TARGET = 6.1;
				PRODUCT_NAME = "$(TARGET_NAME)";
				TARGETED_DEVICE_FAMILY = "1,2";
				WRAPPER_EXTENSION = app;
			};
			name = Release;
		};
/* End XCBuildConfiguration section */

/* Begin XCConfigurationList section */
		08CF99A517DD41F000CBB8AC /* Build configuration list for PBXProject "SphericalCollectionView" */ = {
			isa = XCConfigurationList;
			buildConfigurations = (
				08CF99CB17DD41F000CBB8AC /* Debug */,
				08CF99CC17DD41F000CBB8AC /* Release */,
			);
			defaultConfigurationIsVisible = 0;
			defaultConfigurationName = Release;
		};
		08CF99CD17DD41F000CBB8AC /* Build configuration list for PBXNativeTarget "SphericalCollectionView" */ = {
			isa = XCConfigurationList;
			buildConfigurations = (
				08CF99CE17DD41F000CBB8AC /* Debug */,
				08CF99CF17DD41F000CBB8AC /* Release */,
			);
			defaultConfigurationIsVisible = 0;
			defaultConfigurationName = Release;
		};
/* End XCConfigurationList section */
	};
	rootObject = 08CF99A217DD41F000CBB8AC /* Project object */;
}
